
Microsoft Visual Studio Solution File, Format Version 12.00
# Visual Studio Version 16
VisualStudioVersion = 16.0.31729.503
MinimumVisualStudioVersion = 10.0.40219.1
Project("{FAE04EC0-301F-11D3-BF4B-00C04F79EFBC}") = "IntMethodAssignment", "IntMethodAssignment\IntMethodAssignment.csproj", "{A9E65223-044F-4349-B590-10940AFEB22F}"
EndProject
Global
	GlobalSection(SolutionConfigurationPlatforms) = preSolution
		Debug|Any CPU = Debug|Any CPU
		Release|Any CPU = Release|Any CPU
	EndGlobalSection
	GlobalSection(ProjectConfigurationPlatforms) = postSolution
		{A9E65223-044F-4349-B590-10940AFEB22F}.Debug|Any CPU.ActiveCfg = Debug|Any CPU
		{A9E65223-044F-4349-B590-10940AFEB22F}.Debug|Any CPU.Build.0 = Debug|Any CPU
		{A9E65223-044F-4349-B590-10940AFEB22F}.Release|Any CPU.ActiveCfg = Release|Any CPU
		{A9E65223-044F-4349-B590-10940AFEB22F}.Release|Any CPU.Build.0 = Release|Any CPU
	EndGlobalSection
	GlobalSection(SolutionProperties) = preSolution
		HideSolutionNode = FALSE
	EndGlobalSection
	GlobalSection(ExtensibilityGlobals) = postSolution
		SolutionGuid = {DF796EA9-CA06-43C6-AA23-51F8C952B661}
	EndGlobalSection
EndGlobal
