
Microsoft Visual Studio Solution File, Format Version 12.00
# Visual Studio Version 16
VisualStudioVersion = 16.0.31729.503
MinimumVisualStudioVersion = 10.0.40219.1
Project("{FAE04EC0-301F-11D3-BF4B-00C04F79EFBC}") = "ConsoleApp1", "ConsoleApp1\ConsoleApp1.csproj", "{BBF55735-6512-4F5B-82EB-61FE1C76A309}"
EndProject
Global
	GlobalSection(SolutionConfigurationPlatforms) = preSolution
		Debug|Any CPU = Debug|Any CPU
		Release|Any CPU = Release|Any CPU
	EndGlobalSection
	GlobalSection(ProjectConfigurationPlatforms) = postSolution
		{BBF55735-6512-4F5B-82EB-61FE1C76A309}.Debug|Any CPU.ActiveCfg = Debug|Any CPU
		{BBF55735-6512-4F5B-82EB-61FE1C76A309}.Debug|Any CPU.Build.0 = Debug|Any CPU
		{BBF55735-6512-4F5B-82EB-61FE1C76A309}.Release|Any CPU.ActiveCfg = Release|Any CPU
		{BBF55735-6512-4F5B-82EB-61FE1C76A309}.Release|Any CPU.Build.0 = Release|Any CPU
	EndGlobalSection
	GlobalSection(SolutionProperties) = preSolution
		HideSolutionNode = FALSE
	EndGlobalSection
	GlobalSection(ExtensibilityGlobals) = postSolution
		SolutionGuid = {44119ED9-F760-451B-AA03-39B384B9741D}
	EndGlobalSection
EndGlobal
