
Microsoft Visual Studio Solution File, Format Version 12.00
# Visual Studio Version 16
VisualStudioVersion = 16.0.31729.503
MinimumVisualStudioVersion = 10.0.40219.1
Project("{FAE04EC0-301F-11D3-BF4B-00C04F79EFBC}") = "MainMethodAssignment", "MainMethodAssignment\MainMethodAssignment.csproj", "{C11DAC51-F25D-4FE7-8DB3-6A60C2489AD8}"
EndProject
Global
	GlobalSection(SolutionConfigurationPlatforms) = preSolution
		Debug|Any CPU = Debug|Any CPU
		Release|Any CPU = Release|Any CPU
	EndGlobalSection
	GlobalSection(ProjectConfigurationPlatforms) = postSolution
		{C11DAC51-F25D-4FE7-8DB3-6A60C2489AD8}.Debug|Any CPU.ActiveCfg = Debug|Any CPU
		{C11DAC51-F25D-4FE7-8DB3-6A60C2489AD8}.Debug|Any CPU.Build.0 = Debug|Any CPU
		{C11DAC51-F25D-4FE7-8DB3-6A60C2489AD8}.Release|Any CPU.ActiveCfg = Release|Any CPU
		{C11DAC51-F25D-4FE7-8DB3-6A60C2489AD8}.Release|Any CPU.Build.0 = Release|Any CPU
	EndGlobalSection
	GlobalSection(SolutionProperties) = preSolution
		HideSolutionNode = FALSE
	EndGlobalSection
	GlobalSection(ExtensibilityGlobals) = postSolution
		SolutionGuid = {AB32083D-7CE0-4884-8058-F911BF5BC6DD}
	EndGlobalSection
EndGlobal
