
Microsoft Visual Studio Solution File, Format Version 12.00
# Visual Studio Version 16
VisualStudioVersion = 16.0.31729.503
MinimumVisualStudioVersion = 10.0.40219.1
Project("{FAE04EC0-301F-11D3-BF4B-00C04F79EFBC}") = "DataTimeAssignment", "DataTimeAssignment\DataTimeAssignment.csproj", "{2AE84A11-F9BE-4F48-8105-D76FE7A02198}"
EndProject
Global
	GlobalSection(SolutionConfigurationPlatforms) = preSolution
		Debug|Any CPU = Debug|Any CPU
		Release|Any CPU = Release|Any CPU
	EndGlobalSection
	GlobalSection(ProjectConfigurationPlatforms) = postSolution
		{2AE84A11-F9BE-4F48-8105-D76FE7A02198}.Debug|Any CPU.ActiveCfg = Debug|Any CPU
		{2AE84A11-F9BE-4F48-8105-D76FE7A02198}.Debug|Any CPU.Build.0 = Debug|Any CPU
		{2AE84A11-F9BE-4F48-8105-D76FE7A02198}.Release|Any CPU.ActiveCfg = Release|Any CPU
		{2AE84A11-F9BE-4F48-8105-D76FE7A02198}.Release|Any CPU.Build.0 = Release|Any CPU
	EndGlobalSection
	GlobalSection(SolutionProperties) = preSolution
		HideSolutionNode = FALSE
	EndGlobalSection
	GlobalSection(ExtensibilityGlobals) = postSolution
		SolutionGuid = {555DAB91-6F1A-49A5-8C27-22D494A8DD2E}
	EndGlobalSection
EndGlobal
